
Microsoft Visual Studio Solution File, Format Version 12.00
# Visual Studio Version 16
VisualStudioVersion = 16.0.30621.155
MinimumVisualStudioVersion = 10.0.40219.1
Project("{FAE04EC0-301F-11D3-BF4B-00C04F79EFBC}") = "InstagramStories.Android", "InstagramStories\InstagramStories.Android\InstagramStories.Android.csproj", "{99E1E1DF-CC9F-4A3E-B23C-08C8C2811D21}"
EndProject
Project("{FAE04EC0-301F-11D3-BF4B-00C04F79EFBC}") = "InstagramStories.iOS", "InstagramStories\InstagramStories.iOS\InstagramStories.iOS.csproj", "{3637CFFC-FB2E-459E-81CE-FF67AE67F240}"
EndProject
Project("{FAE04EC0-301F-11D3-BF4B-00C04F79EFBC}") = "InstagramStories", "InstagramStories\InstagramStories\InstagramStories.csproj", "{A68A4D0F-D681-4CBC-8900-4B207356CB0A}"
EndProject
Global
	GlobalSection(SolutionConfigurationPlatforms) = preSolution
		Debug|Any CPU = Debug|Any CPU
		Debug|iPhone = Debug|iPhone
		Debug|iPhoneSimulator = Debug|iPhoneSimulator
		Release|Any CPU = Release|Any CPU
		Release|iPhone = Release|iPhone
		Release|iPhoneSimulator = Release|iPhoneSimulator
	EndGlobalSection
	GlobalSection(ProjectConfigurationPlatforms) = postSolution
		{99E1E1DF-CC9F-4A3E-B23C-08C8C2811D21}.Debug|Any CPU.ActiveCfg = Debug|Any CPU
		{99E1E1DF-CC9F-4A3E-B23C-08C8C2811D21}.Debug|Any CPU.Build.0 = Debug|Any CPU
		{99E1E1DF-CC9F-4A3E-B23C-08C8C2811D21}.Debug|Any CPU.Deploy.0 = Debug|Any CPU
		{99E1E1DF-CC9F-4A3E-B23C-08C8C2811D21}.Debug|iPhone.ActiveCfg = Debug|Any CPU
		{99E1E1DF-CC9F-4A3E-B23C-08C8C2811D21}.Debug|iPhone.Build.0 = Debug|Any CPU
		{99E1E1DF-CC9F-4A3E-B23C-08C8C2811D21}.Debug|iPhone.Deploy.0 = Debug|Any CPU
		{99E1E1DF-CC9F-4A3E-B23C-08C8C2811D21}.Debug|iPhoneSimulator.ActiveCfg = Debug|Any CPU
		{99E1E1DF-CC9F-4A3E-B23C-08C8C2811D21}.Debug|iPhoneSimulator.Build.0 = Debug|Any CPU
		{99E1E1DF-CC9F-4A3E-B23C-08C8C2811D21}.Debug|iPhoneSimulator.Deploy.0 = Debug|Any CPU
		{99E1E1DF-CC9F-4A3E-B23C-08C8C2811D21}.Release|Any CPU.ActiveCfg = Release|Any CPU
		{99E1E1DF-CC9F-4A3E-B23C-08C8C2811D21}.Release|Any CPU.Build.0 = Release|Any CPU
		{99E1E1DF-CC9F-4A3E-B23C-08C8C2811D21}.Release|Any CPU.Deploy.0 = Release|Any CPU
		{99E1E1DF-CC9F-4A3E-B23C-08C8C2811D21}.Release|iPhone.ActiveCfg = Release|Any CPU
		{99E1E1DF-CC9F-4A3E-B23C-08C8C2811D21}.Release|iPhone.Build.0 = Release|Any CPU
		{99E1E1DF-CC9F-4A3E-B23C-08C8C2811D21}.Release|iPhone.Deploy.0 = Release|Any CPU
		{99E1E1DF-CC9F-4A3E-B23C-08C8C2811D21}.Release|iPhoneSimulator.ActiveCfg = Release|Any CPU
		{99E1E1DF-CC9F-4A3E-B23C-08C8C2811D21}.Release|iPhoneSimulator.Build.0 = Release|Any CPU
		{99E1E1DF-CC9F-4A3E-B23C-08C8C2811D21}.Release|iPhoneSimulator.Deploy.0 = Release|Any CPU
		{3637CFFC-FB2E-459E-81CE-FF67AE67F240}.Debug|Any CPU.ActiveCfg = Debug|iPhone
		{3637CFFC-FB2E-459E-81CE-FF67AE67F240}.Debug|Any CPU.Build.0 = Debug|iPhone
		{3637CFFC-FB2E-459E-81CE-FF67AE67F240}.Debug|Any CPU.Deploy.0 = Debug|iPhone
		{3637CFFC-FB2E-459E-81CE-FF67AE67F240}.Debug|iPhone.ActiveCfg = Debug|iPhone
		{3637CFFC-FB2E-459E-81CE-FF67AE67F240}.Debug|iPhone.Build.0 = Debug|iPhone
		{3637CFFC-FB2E-459E-81CE-FF67AE67F240}.Debug|iPhone.Deploy.0 = Debug|iPhone
		{3637CFFC-FB2E-459E-81CE-FF67AE67F240}.Debug|iPhoneSimulator.ActiveCfg = Debug|iPhoneSimulator
		{3637CFFC-FB2E-459E-81CE-FF67AE67F240}.Debug|iPhoneSimulator.Build.0 = Debug|iPhoneSimulator
		{3637CFFC-FB2E-459E-81CE-FF67AE67F240}.Debug|iPhoneSimulator.Deploy.0 = Debug|iPhoneSimulator
		{3637CFFC-FB2E-459E-81CE-FF67AE67F240}.Release|Any CPU.ActiveCfg = Release|iPhoneSimulator
		{3637CFFC-FB2E-459E-81CE-FF67AE67F240}.Release|Any CPU.Build.0 = Release|iPhoneSimulator
		{3637CFFC-FB2E-459E-81CE-FF67AE67F240}.Release|Any CPU.Deploy.0 = Release|iPhoneSimulator
		{3637CFFC-FB2E-459E-81CE-FF67AE67F240}.Release|iPhone.ActiveCfg = Release|iPhone
		{3637CFFC-FB2E-459E-81CE-FF67AE67F240}.Release|iPhone.Build.0 = Release|iPhone
		{3637CFFC-FB2E-459E-81CE-FF67AE67F240}.Release|iPhone.Deploy.0 = Release|iPhone
		{3637CFFC-FB2E-459E-81CE-FF67AE67F240}.Release|iPhoneSimulator.ActiveCfg = Release|iPhoneSimulator
		{3637CFFC-FB2E-459E-81CE-FF67AE67F240}.Release|iPhoneSimulator.Build.0 = Release|iPhoneSimulator
		{3637CFFC-FB2E-459E-81CE-FF67AE67F240}.Release|iPhoneSimulator.Deploy.0 = Release|iPhoneSimulator
		{A68A4D0F-D681-4CBC-8900-4B207356CB0A}.Debug|Any CPU.ActiveCfg = Debug|Any CPU
		{A68A4D0F-D681-4CBC-8900-4B207356CB0A}.Debug|Any CPU.Build.0 = Debug|Any CPU
		{A68A4D0F-D681-4CBC-8900-4B207356CB0A}.Debug|Any CPU.Deploy.0 = Debug|Any CPU
		{A68A4D0F-D681-4CBC-8900-4B207356CB0A}.Debug|iPhone.ActiveCfg = Debug|Any CPU
		{A68A4D0F-D681-4CBC-8900-4B207356CB0A}.Debug|iPhone.Build.0 = Debug|Any CPU
		{A68A4D0F-D681-4CBC-8900-4B207356CB0A}.Debug|iPhone.Deploy.0 = Debug|Any CPU
		{A68A4D0F-D681-4CBC-8900-4B207356CB0A}.Debug|iPhoneSimulator.ActiveCfg = Debug|Any CPU
		{A68A4D0F-D681-4CBC-8900-4B207356CB0A}.Debug|iPhoneSimulator.Build.0 = Debug|Any CPU
		{A68A4D0F-D681-4CBC-8900-4B207356CB0A}.Debug|iPhoneSimulator.Deploy.0 = Debug|Any CPU
		{A68A4D0F-D681-4CBC-8900-4B207356CB0A}.Release|Any CPU.ActiveCfg = Release|Any CPU
		{A68A4D0F-D681-4CBC-8900-4B207356CB0A}.Release|Any CPU.Build.0 = Release|Any CPU
		{A68A4D0F-D681-4CBC-8900-4B207356CB0A}.Release|Any CPU.Deploy.0 = Release|Any CPU
		{A68A4D0F-D681-4CBC-8900-4B207356CB0A}.Release|iPhone.ActiveCfg = Release|Any CPU
		{A68A4D0F-D681-4CBC-8900-4B207356CB0A}.Release|iPhone.Build.0 = Release|Any CPU
		{A68A4D0F-D681-4CBC-8900-4B207356CB0A}.Release|iPhone.Deploy.0 = Release|Any CPU
		{A68A4D0F-D681-4CBC-8900-4B207356CB0A}.Release|iPhoneSimulator.ActiveCfg = Release|Any CPU
		{A68A4D0F-D681-4CBC-8900-4B207356CB0A}.Release|iPhoneSimulator.Build.0 = Release|Any CPU
		{A68A4D0F-D681-4CBC-8900-4B207356CB0A}.Release|iPhoneSimulator.Deploy.0 = Release|Any CPU
	EndGlobalSection
	GlobalSection(SolutionProperties) = preSolution
		HideSolutionNode = FALSE
	EndGlobalSection
	GlobalSection(ExtensibilityGlobals) = postSolution
		SolutionGuid = {853DF555-D1AC-46E6-B797-CD1BC328D628}
	EndGlobalSection
EndGlobal
